
Microsoft Visual Studio Solution File, Format Version 12.00
# Visual Studio Version 17
VisualStudioVersion = 17.3.32825.248
MinimumVisualStudioVersion = 10.0.40219.1
Project("{FAE04EC0-301F-11D3-BF4B-00C04F79EFBC}") = "FMg", "FMg\FMg.csproj", "{5B6E17B6-BF34-464C-9D16-D00959CD5C34}"
EndProject
Global
	GlobalSection(SolutionConfigurationPlatforms) = preSolution
		Debug|Any CPU = Debug|Any CPU
		Release|Any CPU = Release|Any CPU
	EndGlobalSection
	GlobalSection(ProjectConfigurationPlatforms) = postSolution
		{5B6E17B6-BF34-464C-9D16-D00959CD5C34}.Debug|Any CPU.ActiveCfg = Debug|Any CPU
		{5B6E17B6-BF34-464C-9D16-D00959CD5C34}.Debug|Any CPU.Build.0 = Debug|Any CPU
		{5B6E17B6-BF34-464C-9D16-D00959CD5C34}.Release|Any CPU.ActiveCfg = Release|Any CPU
		{5B6E17B6-BF34-464C-9D16-D00959CD5C34}.Release|Any CPU.Build.0 = Release|Any CPU
	EndGlobalSection
	GlobalSection(SolutionProperties) = preSolution
		HideSolutionNode = FALSE
	EndGlobalSection
	GlobalSection(ExtensibilityGlobals) = postSolution
		SolutionGuid = {837B5654-4B74-4A42-81C4-95D54CF2636C}
	EndGlobalSection
EndGlobal
